
Microsoft Visual Studio Solution File, Format Version 12.00
# Visual Studio Version 17
VisualStudioVersion = 17.14.36908.2 d17.14
MinimumVisualStudioVersion = 10.0.40219.1
Project("{FAE04EC0-301F-11D3-BF4B-00C04F79EFBC}") = "Hotel-Booking-Manager", "Hotel-Booking-Manager.csproj", "{AC075EB9-8C25-21CB-3E57-A63B603BA829}"
EndProject
Global
	GlobalSection(SolutionConfigurationPlatforms) = preSolution
		Debug|Any CPU = Debug|Any CPU
		Release|Any CPU = Release|Any CPU
	EndGlobalSection
	GlobalSection(ProjectConfigurationPlatforms) = postSolution
		{AC075EB9-8C25-21CB-3E57-A63B603BA829}.Debug|Any CPU.ActiveCfg = Debug|Any CPU
		{AC075EB9-8C25-21CB-3E57-A63B603BA829}.Debug|Any CPU.Build.0 = Debug|Any CPU
		{AC075EB9-8C25-21CB-3E57-A63B603BA829}.Release|Any CPU.ActiveCfg = Release|Any CPU
		{AC075EB9-8C25-21CB-3E57-A63B603BA829}.Release|Any CPU.Build.0 = Release|Any CPU
	EndGlobalSection
	GlobalSection(SolutionProperties) = preSolution
		HideSolutionNode = FALSE
	EndGlobalSection
	GlobalSection(ExtensibilityGlobals) = postSolution
		SolutionGuid = {8E5E4C3C-8DAE-419E-8871-B2F1E538EA13}
	EndGlobalSection
EndGlobal
